
Microsoft Visual Studio Solution File, Format Version 12.00
# Visual Studio Version 16
VisualStudioVersion = 16.0.31112.23
MinimumVisualStudioVersion = 10.0.40219.1
Project("{FAE04EC0-301F-11D3-BF4B-00C04F79EFBC}") = "IsItPalindrome", "IsItPalindrome\IsItPalindrome.csproj", "{EFB4DE24-4519-463C-AF2D-786B8B0376CB}"
EndProject
Global
	GlobalSection(SolutionConfigurationPlatforms) = preSolution
		Debug|Any CPU = Debug|Any CPU
		Release|Any CPU = Release|Any CPU
	EndGlobalSection
	GlobalSection(ProjectConfigurationPlatforms) = postSolution
		{EFB4DE24-4519-463C-AF2D-786B8B0376CB}.Debug|Any CPU.ActiveCfg = Debug|Any CPU
		{EFB4DE24-4519-463C-AF2D-786B8B0376CB}.Debug|Any CPU.Build.0 = Debug|Any CPU
		{EFB4DE24-4519-463C-AF2D-786B8B0376CB}.Release|Any CPU.ActiveCfg = Release|Any CPU
		{EFB4DE24-4519-463C-AF2D-786B8B0376CB}.Release|Any CPU.Build.0 = Release|Any CPU
	EndGlobalSection
	GlobalSection(SolutionProperties) = preSolution
		HideSolutionNode = FALSE
	EndGlobalSection
	GlobalSection(ExtensibilityGlobals) = postSolution
		SolutionGuid = {68A34869-3CC2-48D1-AF39-F6AE522ECC83}
	EndGlobalSection
EndGlobal
